# @generated by Move, please check-in and do not edit manually.

[move]
version = 2
manifest_digest = "148289EE8BBBF59F0A72B5F47D14E324478F4A668A1D4C6C65DDE1C8853FBC53"
deps_digest = "F8BBB0CCB2491CA29A3DF03D6F92277A4F3574266507ACD77214D37ECA3F3082"
dependencies = [
  { name = "Sui" },
]

[[move.package]]
name = "MoveStdlib"
source = { git = "https://github.com/MystenLabs/sui.git", rev = "framework/testnet", subdir = "crates\\sui-framework\\packages\\move-stdlib" }

[[move.package]]
name = "Sui"
source = { git = "https://github.com/MystenLabs/sui.git", rev = "framework/testnet", subdir = "crates/sui-framework/packages/sui-framework" }

dependencies = [
  { name = "MoveStdlib" },
]

[move.toolchain-version]
compiler-version = "1.30.1"
edition = "2024.beta"
flavor = "sui"

[env]

[env.testnet]
chain-id = "4c78adac"
original-published-id = "0xb0a78ba5cebcdfc69cea4264cc36090ab9d39842c0b6241fe8bd1c30ac12ab7e"
latest-published-id = "0xb0a78ba5cebcdfc69cea4264cc36090ab9d39842c0b6241fe8bd1c30ac12ab7e"
published-version = "1"
